
Microsoft Visual Studio Solution File, Format Version 12.00
# Visual Studio Version 17
VisualStudioVersion = 17.3.32901.215
MinimumVisualStudioVersion = 10.0.40219.1
Project("{FAE04EC0-301F-11D3-BF4B-00C04F79EFBC}") = "HelloWorld", "HelloWorld\HelloWorld.csproj", "{A642A09D-6ABD-4BF2-95F5-614C6F78A468}"
EndProject
Global
	GlobalSection(SolutionConfigurationPlatforms) = preSolution
		Debug|Any CPU = Debug|Any CPU
		Release|Any CPU = Release|Any CPU
	EndGlobalSection
	GlobalSection(ProjectConfigurationPlatforms) = postSolution
		{A642A09D-6ABD-4BF2-95F5-614C6F78A468}.Debug|Any CPU.ActiveCfg = Debug|Any CPU
		{A642A09D-6ABD-4BF2-95F5-614C6F78A468}.Debug|Any CPU.Build.0 = Debug|Any CPU
		{A642A09D-6ABD-4BF2-95F5-614C6F78A468}.Release|Any CPU.ActiveCfg = Release|Any CPU
		{A642A09D-6ABD-4BF2-95F5-614C6F78A468}.Release|Any CPU.Build.0 = Release|Any CPU
	EndGlobalSection
	GlobalSection(SolutionProperties) = preSolution
		HideSolutionNode = FALSE
	EndGlobalSection
	GlobalSection(ExtensibilityGlobals) = postSolution
		SolutionGuid = {EE7DC219-D690-47BA-B63B-6B955CE406D0}
	EndGlobalSection
EndGlobal
